{
  "requires": true,
  "lockfileVersion": 1,
  "dependencies": {
    "@babel/runtime": {
      "version": "7.16.3",
      "resolved": "https://registry.npmjs.org/@babel/runtime/-/runtime-7.16.3.tgz",
      "integrity": "sha512-WBwekcqacdY2e9AF/Q7WLFUWmdJGJTkbjqTjoMDgXkVZ3ZRUvOPsLb5KdwISoQVsbP+DQzVZW4Zhci0DvpbNTQ==",
      "requires": {
        "regenerator-runtime": "^0.13.4"
      }
    },
    "@emotion/cache": {
      "version": "11.6.0",
      "resolved": "https://registry.npmjs.org/@emotion/cache/-/cache-11.6.0.tgz",
      "integrity": "sha512-ElbsWY1KMwEowkv42vGo0UPuLgtPYfIs9BxxVrmvsaJVvktknsHYYlx5NQ5g6zLDcOTyamlDc7FkRg2TAcQDKQ==",
      "requires": {
        "@emotion/memoize": "^0.7.4",
        "@emotion/sheet": "^1.1.0",
        "@emotion/utils": "^1.0.0",
        "@emotion/weak-memoize": "^0.2.5",
        "stylis": "^4.0.10"
      }
    },
    "@emotion/hash": {
      "version": "0.8.0",
      "resolved": "https://registry.npmjs.org/@emotion/hash/-/hash-0.8.0.tgz",
      "integrity": "sha512-kBJtf7PH6aWwZ6fka3zQ0p6SBYzx4fl1LoZXE2RrnYST9Xljm7WfKJrU4g/Xr3Beg72MLrp1AWNUmuYJTL7Cow=="
    },
    "@emotion/memoize": {
      "version": "0.7.5",
      "resolved": "https://registry.npmjs.org/@emotion/memoize/-/memoize-0.7.5.tgz",
      "integrity": "sha512-igX9a37DR2ZPGYtV6suZ6whr8pTFtyHL3K/oLUotxpSVO2ASaprmAe2Dkq7tBo7CRY7MMDrAa9nuQP9/YG8FxQ=="
    },
    "@emotion/react": {
      "version": "11.7.0",
      "resolved": "https://registry.npmjs.org/@emotion/react/-/react-11.7.0.tgz",
      "integrity": "sha512-WL93hf9+/2s3cA1JVJlz8+Uy6p6QWukqQFOm2OZO5ki51hfucHMOmbSjiyC3t2Y4RI8XUmBoepoc/24ny/VBbA==",
      "requires": {
        "@babel/runtime": "^7.13.10",
        "@emotion/cache": "^11.6.0",
        "@emotion/serialize": "^1.0.2",
        "@emotion/sheet": "^1.1.0",
        "@emotion/utils": "^1.0.0",
        "@emotion/weak-memoize": "^0.2.5",
        "hoist-non-react-statics": "^3.3.1"
      }
    },
    "@emotion/serialize": {
      "version": "1.0.2",
      "resolved": "https://registry.npmjs.org/@emotion/serialize/-/serialize-1.0.2.tgz",
      "integrity": "sha512-95MgNJ9+/ajxU7QIAruiOAdYNjxZX7G2mhgrtDWswA21VviYIRP1R5QilZ/bDY42xiKsaktP4egJb3QdYQZi1A==",
      "requires": {
        "@emotion/hash": "^0.8.0",
        "@emotion/memoize": "^0.7.4",
        "@emotion/unitless": "^0.7.5",
        "@emotion/utils": "^1.0.0",
        "csstype": "^3.0.2"
      }
    },
    "@emotion/sheet": {
      "version": "1.1.0",
      "resolved": "https://registry.npmjs.org/@emotion/sheet/-/sheet-1.1.0.tgz",
      "integrity": "sha512-u0AX4aSo25sMAygCuQTzS+HsImZFuS8llY8O7b9MDRzbJM0kVJlAz6KNDqcG7pOuQZJmj/8X/rAW+66kMnMW+g=="
    },
    "@emotion/unitless": {
      "version": "0.7.5",
      "resolved": "https://registry.npmjs.org/@emotion/unitless/-/unitless-0.7.5.tgz",
      "integrity": "sha512-OWORNpfjMsSSUBVrRBVGECkhWcULOAJz9ZW8uK9qgxD+87M7jHRcvh/A96XXNhXTLmKcoYSQtBEX7lHMO7YRwg=="
    },
    "@emotion/utils": {
      "version": "1.0.0",
      "resolved": "https://registry.npmjs.org/@emotion/utils/-/utils-1.0.0.tgz",
      "integrity": "sha512-mQC2b3XLDs6QCW+pDQDiyO/EdGZYOygE8s5N5rrzjSI4M3IejPE/JPndCBwRT9z982aqQNi6beWs1UeayrQxxA=="
    },
    "@emotion/weak-memoize": {
      "version": "0.2.5",
      "resolved": "https://registry.npmjs.org/@emotion/weak-memoize/-/weak-memoize-0.2.5.tgz",
      "integrity": "sha512-6U71C2Wp7r5XtFtQzYrW5iKFT67OixrSxjI4MptCHzdSVlgabczzqLe0ZSgnub/5Kp4hSbpDB1tMytZY9pwxxA=="
    },
    "@progress/kendo-data-query": {
      "version": "1.5.5",
      "resolved": "https://registry.npmjs.org/@progress/kendo-data-query/-/kendo-data-query-1.5.5.tgz",
      "integrity": "sha512-V0Q4mgooLM/mThJnuSYI7bt7ZBQj3dwUHrubZEB6kkPu82p6KVLkTC9db3L3H/NFA9NvoioLRjSyccUMQlxcTw==",
      "requires": {
        "tslib": "^1.7.0"
      }
    },
    "@progress/kendo-date-math": {
      "version": "1.5.4",
      "resolved": "https://registry.npmjs.org/@progress/kendo-date-math/-/kendo-date-math-1.5.4.tgz",
      "integrity": "sha512-Kfg5VSCaDsogW/3h1d/feYDRV7bZki1fvDFX+KkDbi4CE+5Wn0RNZHck6VuqAPWh1x4rjVkBVJHwF2d6H02JyA==",
      "requires": {
        "tslib": "^1.7.0"
      }
    },
    "@progress/kendo-draggable-common": {
      "version": "0.2.0-dev.202111240934",
      "resolved": "https://registry.npmjs.org/@progress/kendo-draggable-common/-/kendo-draggable-common-0.2.0-dev.202111240934.tgz",
      "integrity": "sha512-35FY18VyE11GIHbGzMlUnnF4Cv4Yvq187ahLiaOg05V9LO26zFaUTLqU9tAsN76l3R3TFV1aoG5+6pwW4BU0zQ==",
      "requires": {
        "tslib": "^1.7.0"
      }
    },
    "@progress/kendo-drawing": {
      "version": "1.16.0",
      "resolved": "https://registry.npmjs.org/@progress/kendo-drawing/-/kendo-drawing-1.16.0.tgz",
      "integrity": "sha512-Op9Yyr039ZYPenarD7Owrdu8xQxY9U41NAOzbJGGGtTR2i8L/29h8tlQHGQxwarGAr3XUvWL7zN8amBF6d02UA==",
      "requires": {
        "@progress/pako-esm": "^1.0.1"
      }
    },
    "@progress/kendo-licensing": {
      "version": "1.2.1",
      "resolved": "https://registry.npmjs.org/@progress/kendo-licensing/-/kendo-licensing-1.2.1.tgz",
      "integrity": "sha512-j17Mvl1wxdF8C+v6iokssV7tdaeWqCr8zkczTr5jfTe6Fg9DEbFfvt0bl8UnTLg41dc5R14dp8ZVhdnS+sdDrg==",
      "requires": {
        "jsonwebtoken": "^8.5.1"
      }
    },
    "@progress/kendo-popup-common": {
      "version": "1.9.0-dev.202111301350",
      "resolved": "https://registry.npmjs.org/@progress/kendo-popup-common/-/kendo-popup-common-1.9.0-dev.202111301350.tgz",
      "integrity": "sha512-NmKlzf0QhLl4gzjkk1QimuChwyav5ImCibleD7Br9LTF7pkDjEunVi4Qe0ZKbIJplmiYCamEg7AM4eBa8+NvOA=="
    },
    "@progress/kendo-react-animation": {
      "version": "4.13.0",
      "resolved": "https://registry.npmjs.org/@progress/kendo-react-animation/-/kendo-react-animation-4.13.0.tgz",
      "integrity": "sha512-Xb5H2uOIC4oV5Kz5Drz8MsrXafkBnTCC+dmj4Qs6CtbtzAbS3z4TloE2ZRuIQHHmgAqlznD9cU3+SiDuyEfo3w==",
      "requires": {
        "@progress/kendo-react-common": "4.13.0",
        "prop-types": "^15.6.0",
        "react-transition-group": "^4.4.2"
      }
    },
    "@progress/kendo-react-buttons": {
      "version": "4.13.0",
      "resolved": "https://registry.npmjs.org/@progress/kendo-react-buttons/-/kendo-react-buttons-4.13.0.tgz",
      "integrity": "sha512-GNuJUr2wJ7ogLH35OUakIqEeK8kfTLsW5lq1jIk/R6fKDzCxeXMqANILhtJQpzQhWcx8VNl3y5KnNrjKdPcLaQ==",
      "requires": {
        "@progress/kendo-react-common": "4.13.0",
        "@progress/kendo-react-popup": "4.13.0",
        "prop-types": "^15.6.0"
      }
    },
    "@progress/kendo-react-common": {
      "version": "4.13.0",
      "resolved": "https://registry.npmjs.org/@progress/kendo-react-common/-/kendo-react-common-4.13.0.tgz",
      "integrity": "sha512-oLaSedtLpv7YfxECWRkUT+2jXmPxyuZAflQFWD0AfTZu+8KVFLSnqGmxwgBP50Jth/SfhGFXe0ccmIV9mn1N0g==",
      "requires": {
        "@progress/kendo-draggable-common": "^0.2.0-dev.202111240934",
        "prop-types": "^15.6.0"
      }
    },
    "@progress/kendo-react-data-tools": {
      "version": "4.13.0",
      "resolved": "https://registry.npmjs.org/@progress/kendo-react-data-tools/-/kendo-react-data-tools-4.13.0.tgz",
      "integrity": "sha512-LKcr/l/4EW4mzyFPaYJZFHCaXHy/0WkeX/KlfET2iwGBm/xlMunLH/eqJkZoNn16lAU2PsduOjeG4bc2uc+soA==",
      "requires": {
        "@progress/kendo-react-common": "4.13.0",
        "prop-types": "^15.6.0"
      }
    },
    "@progress/kendo-react-dateinputs": {
      "version": "4.13.0",
      "resolved": "https://registry.npmjs.org/@progress/kendo-react-dateinputs/-/kendo-react-dateinputs-4.13.0.tgz",
      "integrity": "sha512-chWdePSG1HfQEZhFOHAS2/AqV/7yaNpjuVsBuJZo3P6XSHdpsPnvFosWrkkfJurkMibRy43MKu0UlhiSdK0PQA==",
      "requires": {
        "@progress/kendo-date-math": "^1.4.0",
        "@progress/kendo-react-buttons": "4.13.0",
        "@progress/kendo-react-common": "4.13.0",
        "@progress/kendo-react-labels": "4.13.0",
        "@progress/kendo-react-popup": "4.13.0",
        "prop-types": "^15.6.0"
      }
    },
    "@progress/kendo-react-dropdowns": {
      "version": "4.13.0",
      "resolved": "https://registry.npmjs.org/@progress/kendo-react-dropdowns/-/kendo-react-dropdowns-4.13.0.tgz",
      "integrity": "sha512-NGgv3GzjXJnxDTwtAh0YHpOl1IBzbrqJl0UnSzr5xoAkcDrXbCoOY5dXZCuU8plTQehqbwpvudBuvCSZ7brwTg==",
      "requires": {
        "@progress/kendo-react-common": "4.13.0",
        "@progress/kendo-react-labels": "4.13.0",
        "@progress/kendo-react-popup": "4.13.0",
        "prop-types": "^15.6.0"
      }
    },
    "@progress/kendo-react-grid": {
      "version": "4.13.0",
      "resolved": "https://registry.npmjs.org/@progress/kendo-react-grid/-/kendo-react-grid-4.13.0.tgz",
      "integrity": "sha512-kimYJI3LhLBtUrsAwzsb/oE4a5n5jB6yRpzUS66HQyeAc0Z+mYOG6h0MNs/GyofgdkiMI6kXnDuwTic7rVItLg==",
      "requires": {
        "@progress/kendo-react-common": "4.13.0",
        "prop-types": "^15.6.0"
      }
    },
    "@progress/kendo-react-inputs": {
      "version": "4.13.0",
      "resolved": "https://registry.npmjs.org/@progress/kendo-react-inputs/-/kendo-react-inputs-4.13.0.tgz",
      "integrity": "sha512-dCV8BgN+jrnXmQY61azD3PT8Lt30MIMp7N5+lLji9ofGGI7cabt3qIs8ZrOPqPec60n666C8RmQz8xg/bwagig==",
      "requires": {
        "@progress/kendo-react-common": "4.13.0",
        "@progress/kendo-react-labels": "4.13.0",
        "@progress/kendo-react-popup": "4.13.0",
        "prop-types": "^15.6.0"
      }
    },
    "@progress/kendo-react-intl": {
      "version": "4.13.0",
      "resolved": "https://registry.npmjs.org/@progress/kendo-react-intl/-/kendo-react-intl-4.13.0.tgz",
      "integrity": "sha512-FJ6p8e79XMa/lYGUa0Jo0l6AJbukRo7iUonzDJYM1c2rYbrc2KBzto+7Uif/DAJ5Phfpe5MG8z/oQnV+KyBH2Q==",
      "requires": {
        "@telerik/kendo-intl": "^2.1.0",
        "prop-types": "^15.6.0"
      }
    },
    "@progress/kendo-react-labels": {
      "version": "4.13.0",
      "resolved": "https://registry.npmjs.org/@progress/kendo-react-labels/-/kendo-react-labels-4.13.0.tgz",
      "integrity": "sha512-sbg4mSUJ9zRAb2lRtpYxyIOkYUK2At8YlsHc4wE1dQvKAJLq2/tuxjpF76nEqUOelt9gKXp9ixK806025SzdRw==",
      "requires": {
        "@progress/kendo-react-common": "4.13.0",
        "prop-types": "^15.6.0"
      }
    },
    "@progress/kendo-react-popup": {
      "version": "4.13.0",
      "resolved": "https://registry.npmjs.org/@progress/kendo-react-popup/-/kendo-react-popup-4.13.0.tgz",
      "integrity": "sha512-WJOn7dGJywJdxOvsbLazh28H8eOA7HN7clBWClImRTqBGdrSgSZiUf5748sx7HlABSW0Pxu74vIUtbgv9tPTxg==",
      "requires": {
        "@progress/kendo-popup-common": "1.9.0-dev.202111301350",
        "@progress/kendo-react-common": "4.13.0",
        "prop-types": "^15.6.0"
      }
    },
    "@progress/kendo-react-treeview": {
      "version": "4.13.0",
      "resolved": "https://registry.npmjs.org/@progress/kendo-react-treeview/-/kendo-react-treeview-4.13.0.tgz",
      "integrity": "sha512-CqdPsil6mdTtK6isLpy8CkZ5OEsPUmSiPknj6zqJh0i301mIU967KgqDilIycowGpIgTf65gA7mSca2V8d4gsg==",
      "requires": {
        "@progress/kendo-react-common": "4.13.0",
        "prop-types": "^15.6.0"
      }
    },
    "@progress/kendo-theme-default": {
      "version": "4.43.0",
      "resolved": "https://registry.npmjs.org/@progress/kendo-theme-default/-/kendo-theme-default-4.43.0.tgz",
      "integrity": "sha512-sGpSYppmOERG+/pt4QiKDs7pNwGtIT5DwQDNRpSLmpETjxsvzwdc6MQQnn/Vy3QCe0CrnJIoF3c087XbqXYj3A=="
    },
    "@progress/kendo-theme-material": {
      "version": "4.43.0",
      "resolved": "https://registry.npmjs.org/@progress/kendo-theme-material/-/kendo-theme-material-4.43.0.tgz",
      "integrity": "sha512-V2PhRL5cGYNhbHD+IrmqkBfjz/jqLmgKC2phzIyZaGOcp+Gu3g4Ic3nrPRiMgTG0H0M5lFr+Rbif2zoLDXUk3Q==",
      "requires": {
        "@progress/kendo-theme-default": "^4.43.0"
      }
    },
    "@progress/pako-esm": {
      "version": "1.0.1",
      "resolved": "https://registry.npmjs.org/@progress/pako-esm/-/pako-esm-1.0.1.tgz",
      "integrity": "sha512-O4A3b1EuE9Xe1pC3Xz9Tcn1M/CYrL71f4y/5TXeytOVTkmkzBgYW97fYP2f+54H0e0erWRaqV/kUUB/a8Uxfbw=="
    },
    "@telerik/kendo-intl": {
      "version": "2.3.0",
      "resolved": "https://registry.npmjs.org/@telerik/kendo-intl/-/kendo-intl-2.3.0.tgz",
      "integrity": "sha512-IFNL37+I8hvO1G6SsW65ixTqkCtPZDH1SlJ33xEKpjCjVwrC/oLCJjuK+EF5buXSPK0iw0YSvlY6hDHAzAYF6g=="
    },
    "@types/prop-types": {
      "version": "15.7.4",
      "resolved": "https://registry.npmjs.org/@types/prop-types/-/prop-types-15.7.4.tgz",
      "integrity": "sha512-rZ5drC/jWjrArrS8BR6SIr4cWpW09RNTYt9AMZo3Jwwif+iacXAqgVjm0B0Bv/S1jhDXKHqRVNCbACkJ89RAnQ=="
    },
    "@types/react": {
      "version": "17.0.37",
      "resolved": "https://registry.npmjs.org/@types/react/-/react-17.0.37.tgz",
      "integrity": "sha512-2FS1oTqBGcH/s0E+CjrCCR9+JMpsu9b69RTFO+40ua43ZqP5MmQ4iUde/dMjWR909KxZwmOQIFq6AV6NjEG5xg==",
      "requires": {
        "@types/prop-types": "*",
        "@types/scheduler": "*",
        "csstype": "^3.0.2"
      }
    },
    "@types/react-transition-group": {
      "version": "4.4.4",
      "resolved": "https://registry.npmjs.org/@types/react-transition-group/-/react-transition-group-4.4.4.tgz",
      "integrity": "sha512-7gAPz7anVK5xzbeQW9wFBDg7G++aPLAFY0QaSMOou9rJZpbuI58WAuJrgu+qR92l61grlnCUe7AFX8KGahAgug==",
      "requires": {
        "@types/react": "*"
      }
    },
    "@types/scheduler": {
      "version": "0.16.2",
      "resolved": "https://registry.npmjs.org/@types/scheduler/-/scheduler-0.16.2.tgz",
      "integrity": "sha512-hppQEBDmlwhFAXKJX2KnWLYu5yMfi91yazPb2l+lbJiwW+wdo1gNeRA+3RgNSO39WYX2euey41KEwnqesU2Jew=="
    },
    "buffer-equal-constant-time": {
      "version": "1.0.1",
      "resolved": "https://registry.npmjs.org/buffer-equal-constant-time/-/buffer-equal-constant-time-1.0.1.tgz",
      "integrity": "sha1-+OcRMvf/5uAaXJaXpMbz5I1cyBk="
    },
    "csstype": {
      "version": "3.0.10",
      "resolved": "https://registry.npmjs.org/csstype/-/csstype-3.0.10.tgz",
      "integrity": "sha512-2u44ZG2OcNUO9HDp/Jl8C07x6pU/eTR3ncV91SiK3dhG9TWvRVsCoJw14Ckx5DgWkzGA3waZWO3d7pgqpUI/XA=="
    },
    "dom-helpers": {
      "version": "5.2.1",
      "resolved": "https://registry.npmjs.org/dom-helpers/-/dom-helpers-5.2.1.tgz",
      "integrity": "sha512-nRCa7CK3VTrM2NmGkIy4cbK7IZlgBE/PYMn55rrXefr5xXDP0LdtfPnblFDoVdcAfslJ7or6iqAUnx0CCGIWQA==",
      "requires": {
        "@babel/runtime": "^7.8.7",
        "csstype": "^3.0.2"
      }
    },
    "ecdsa-sig-formatter": {
      "version": "1.0.11",
      "resolved": "https://registry.npmjs.org/ecdsa-sig-formatter/-/ecdsa-sig-formatter-1.0.11.tgz",
      "integrity": "sha512-nagl3RYrbNv6kQkeJIpt6NJZy8twLB/2vtz6yN9Z4vRKHN4/QZJIEbqohALSgwKdnksuY3k5Addp5lg8sVoVcQ==",
      "requires": {
        "safe-buffer": "^5.0.1"
      }
    },
    "hoist-non-react-statics": {
      "version": "3.3.2",
      "resolved": "https://registry.npmjs.org/hoist-non-react-statics/-/hoist-non-react-statics-3.3.2.tgz",
      "integrity": "sha512-/gGivxi8JPKWNm/W0jSmzcMPpfpPLc3dY/6GxhX2hQ9iGj3aDfklV4ET7NjKpSinLpJ5vafa9iiGIEZg10SfBw==",
      "requires": {
        "react-is": "^16.7.0"
      }
    },
    "js-tokens": {
      "version": "4.0.0",
      "resolved": "https://registry.npmjs.org/js-tokens/-/js-tokens-4.0.0.tgz",
      "integrity": "sha512-RdJUflcE3cUzKiMqQgsCu06FPu9UdIJO0beYbPhHN4k6apgJtifcoCtT9bcxOpYBtpD2kCM6Sbzg4CausW/PKQ=="
    },
    "jsonwebtoken": {
      "version": "8.5.1",
      "resolved": "https://registry.npmjs.org/jsonwebtoken/-/jsonwebtoken-8.5.1.tgz",
      "integrity": "sha512-XjwVfRS6jTMsqYs0EsuJ4LGxXV14zQybNd4L2r0UvbVnSF9Af8x7p5MzbJ90Ioz/9TI41/hTCvznF/loiSzn8w==",
      "requires": {
        "jws": "^3.2.2",
        "lodash.includes": "^4.3.0",
        "lodash.isboolean": "^3.0.3",
        "lodash.isinteger": "^4.0.4",
        "lodash.isnumber": "^3.0.3",
        "lodash.isplainobject": "^4.0.6",
        "lodash.isstring": "^4.0.1",
        "lodash.once": "^4.0.0",
        "ms": "^2.1.1",
        "semver": "^5.6.0"
      }
    },
    "jwa": {
      "version": "1.4.1",
      "resolved": "https://registry.npmjs.org/jwa/-/jwa-1.4.1.tgz",
      "integrity": "sha512-qiLX/xhEEFKUAJ6FiBMbes3w9ATzyk5W7Hvzpa/SLYdxNtng+gcurvrI7TbACjIXlsJyr05/S1oUhZrc63evQA==",
      "requires": {
        "buffer-equal-constant-time": "1.0.1",
        "ecdsa-sig-formatter": "1.0.11",
        "safe-buffer": "^5.0.1"
      }
    },
    "jws": {
      "version": "3.2.2",
      "resolved": "https://registry.npmjs.org/jws/-/jws-3.2.2.tgz",
      "integrity": "sha512-YHlZCB6lMTllWDtSPHz/ZXTsi8S00usEV6v1tjq8tOUZzw7DpSDWVXjXDre6ed1w/pd495ODpHZYSdkRTsa0HA==",
      "requires": {
        "jwa": "^1.4.1",
        "safe-buffer": "^5.0.1"
      }
    },
    "lodash.includes": {
      "version": "4.3.0",
      "resolved": "https://registry.npmjs.org/lodash.includes/-/lodash.includes-4.3.0.tgz",
      "integrity": "sha1-YLuYqHy5I8aMoeUTJUgzFISfVT8="
    },
    "lodash.isboolean": {
      "version": "3.0.3",
      "resolved": "https://registry.npmjs.org/lodash.isboolean/-/lodash.isboolean-3.0.3.tgz",
      "integrity": "sha1-bC4XHbKiV82WgC/UOwGyDV9YcPY="
    },
    "lodash.isinteger": {
      "version": "4.0.4",
      "resolved": "https://registry.npmjs.org/lodash.isinteger/-/lodash.isinteger-4.0.4.tgz",
      "integrity": "sha1-YZwK89A/iwTDH1iChAt3sRzWg0M="
    },
    "lodash.isnumber": {
      "version": "3.0.3",
      "resolved": "https://registry.npmjs.org/lodash.isnumber/-/lodash.isnumber-3.0.3.tgz",
      "integrity": "sha1-POdoEMWSjQM1IwGsKHMX8RwLH/w="
    },
    "lodash.isplainobject": {
      "version": "4.0.6",
      "resolved": "https://registry.npmjs.org/lodash.isplainobject/-/lodash.isplainobject-4.0.6.tgz",
      "integrity": "sha1-fFJqUtibRcRcxpC4gWO+BJf1UMs="
    },
    "lodash.isstring": {
      "version": "4.0.1",
      "resolved": "https://registry.npmjs.org/lodash.isstring/-/lodash.isstring-4.0.1.tgz",
      "integrity": "sha1-1SfftUVuynzJu5XV2ur4i6VKVFE="
    },
    "lodash.once": {
      "version": "4.1.1",
      "resolved": "https://registry.npmjs.org/lodash.once/-/lodash.once-4.1.1.tgz",
      "integrity": "sha1-DdOXEhPHxW34gJd9UEyI+0cal6w="
    },
    "loose-envify": {
      "version": "1.4.0",
      "resolved": "https://registry.npmjs.org/loose-envify/-/loose-envify-1.4.0.tgz",
      "integrity": "sha512-lyuxPGr/Wfhrlem2CL/UcnUc1zcqKAImBDzukY7Y5F/yQiNdko6+fRLevlw1HgMySw7f611UIY408EtxRSoK3Q==",
      "requires": {
        "js-tokens": "^3.0.0 || ^4.0.0"
      }
    },
    "memoize-one": {
      "version": "5.2.1",
      "resolved": "https://registry.npmjs.org/memoize-one/-/memoize-one-5.2.1.tgz",
      "integrity": "sha512-zYiwtZUcYyXKo/np96AGZAckk+FWWsUdJ3cHGGmld7+AhvcWmQyGCYUh1hc4Q/pkOhb65dQR/pqCyK0cOaHz4Q=="
    },
    "ms": {
      "version": "2.1.3",
      "resolved": "https://registry.npmjs.org/ms/-/ms-2.1.3.tgz",
      "integrity": "sha512-6FlzubTLZG3J2a/NVCAleEhjzq5oxgHyaCU9yYXvcLsvoVaHJq/s5xXI6/XXP6tz7R9xAOtHnSO/tXtF3WRTlA=="
    },
    "object-assign": {
      "version": "4.1.1",
      "resolved": "https://registry.npmjs.org/object-assign/-/object-assign-4.1.1.tgz",
      "integrity": "sha1-IQmtx5ZYh8/AXLvUQsrIv7s2CGM="
    },
    "prop-types": {
      "version": "15.7.2",
      "resolved": "https://registry.npmjs.org/prop-types/-/prop-types-15.7.2.tgz",
      "integrity": "sha512-8QQikdH7//R2vurIJSutZ1smHYTcLpRWEOlHnzcWHmBYrOGUysKwSsrC89BCiFj3CbrfJ/nXFdJepOVrY1GCHQ==",
      "requires": {
        "loose-envify": "^1.4.0",
        "object-assign": "^4.1.1",
        "react-is": "^16.8.1"
      }
    },
    "react-is": {
      "version": "16.13.1",
      "resolved": "https://registry.npmjs.org/react-is/-/react-is-16.13.1.tgz",
      "integrity": "sha512-24e6ynE2H+OKt4kqsOvNd8kBpV65zoxbA4BVsEOB3ARVWQki/DHzaUoC5KuON/BiccDaCCTZBuOcfZs70kR8bQ=="
    },
    "react-select": {
      "version": "5.2.1",
      "resolved": "https://registry.npmjs.org/react-select/-/react-select-5.2.1.tgz",
      "integrity": "sha512-OOyNzfKrhOcw/BlembyGWgdlJ2ObZRaqmQppPFut1RptJO423j+Y+JIsmxkvsZ4D/3CpOmwIlCvWbbAWEdh12A==",
      "requires": {
        "@babel/runtime": "^7.12.0",
        "@emotion/cache": "^11.4.0",
        "@emotion/react": "^11.1.1",
        "@types/react-transition-group": "^4.4.0",
        "memoize-one": "^5.0.0",
        "prop-types": "^15.6.0",
        "react-transition-group": "^4.3.0"
      }
    },
    "react-transition-group": {
      "version": "4.4.2",
      "resolved": "https://registry.npmjs.org/react-transition-group/-/react-transition-group-4.4.2.tgz",
      "integrity": "sha512-/RNYfRAMlZwDSr6z4zNKV6xu53/e2BuaBbGhbyYIXTrmgu/bGHzmqOs7mJSJBHy9Ud+ApHx3QjrkKSp1pxvlFg==",
      "requires": {
        "@babel/runtime": "^7.5.5",
        "dom-helpers": "^5.0.1",
        "loose-envify": "^1.4.0",
        "prop-types": "^15.6.2"
      }
    },
    "regenerator-runtime": {
      "version": "0.13.9",
      "resolved": "https://registry.npmjs.org/regenerator-runtime/-/regenerator-runtime-0.13.9.tgz",
      "integrity": "sha512-p3VT+cOEgxFsRRA9X4lkI1E+k2/CtnKtU4gcxyaCUreilL/vqI6CdZ3wxVUx3UOUg+gnUOQQcRI7BmSI656MYA=="
    },
    "safe-buffer": {
      "version": "5.2.1",
      "resolved": "https://registry.npmjs.org/safe-buffer/-/safe-buffer-5.2.1.tgz",
      "integrity": "sha512-rp3So07KcdmmKbGvgaNxQSJr7bGVSVk5S9Eq1F+ppbRo70+YeaDxkw5Dd8NPN+GD6bjnYm2VuPuCXmpuYvmCXQ=="
    },
    "semver": {
      "version": "5.7.1",
      "resolved": "https://registry.npmjs.org/semver/-/semver-5.7.1.tgz",
      "integrity": "sha512-sauaDf/PZdVgrLTNYHRtpXa1iRiKcaebiKQ1BJdpQlWH2lCvexQdX55snPFyK7QzpudqbCI0qXFfOasHdyNDGQ=="
    },
    "stylis": {
      "version": "4.0.13",
      "resolved": "https://registry.npmjs.org/stylis/-/stylis-4.0.13.tgz",
      "integrity": "sha512-xGPXiFVl4YED9Jh7Euv2V220mriG9u4B2TA6Ybjc1catrstKD2PpIdU3U0RKpkVBC2EhmL/F0sPCr9vrFTNRag=="
    },
    "tslib": {
      "version": "1.14.1",
      "resolved": "https://registry.npmjs.org/tslib/-/tslib-1.14.1.tgz",
      "integrity": "sha512-Xni35NKzjgMrwevysHTCArtLDpPvye8zV/0E4EyYn43P7/7qvQwPh9BGkHewbMulVntbigmcT7rdX3BNo9wRJg=="
    }
  }
}
